
Microsoft Visual Studio Solution File, Format Version 12.00
# Visual Studio Version 17
VisualStudioVersion = 17.0.31903.59
MinimumVisualStudioVersion = 10.0.40219.1
Project("{2150E333-8FDC-42A3-9474-1A3956D46DE8}") = "src", "src", "{827E0CD3-B72D-47B6-A68D-7590B98EB39B}"
EndProject
Project("{FAE04EC0-301F-11D3-BF4B-00C04F79EFBC}") = "TurboBoard.Core", "src\TurboBoard.Core\TurboBoard.Core.csproj", "{159563B9-D8AF-4EFA-9DB5-219BB5444DEB}"
EndProject
Project("{FAE04EC0-301F-11D3-BF4B-00C04F79EFBC}") = "TurboBoard.SqlServer", "src\TurboBoard.SqlServer\TurboBoard.SqlServer.csproj", "{B6ED31BD-9ECD-4D1A-867D-8E0013BD34F2}"
EndProject
Project("{FAE04EC0-301F-11D3-BF4B-00C04F79EFBC}") = "TurboBoard.Persistence", "src\TurboBoard.Persistence\TurboBoard.Persistence.csproj", "{92A90733-6641-448E-96EA-CC3986B846C5}"
EndProject
Project("{FAE04EC0-301F-11D3-BF4B-00C04F79EFBC}") = "TurboBoard.Web", "src\TurboBoard.Web\TurboBoard.Web.csproj", "{913B03AB-E118-4308-9F39-63F8F0428B24}"
EndProject
Project("{2150E333-8FDC-42A3-9474-1A3956D46DE8}") = "tests", "tests", "{0AB3BF05-4346-4AA6-1389-037BE0695223}"
EndProject
Project("{FAE04EC0-301F-11D3-BF4B-00C04F79EFBC}") = "TurboBoard.Core.Tests", "tests\TurboBoard.Core.Tests\TurboBoard.Core.Tests.csproj", "{80C90486-4BBC-40CC-8E91-B39E08638669}"
EndProject
Project("{FAE04EC0-301F-11D3-BF4B-00C04F79EFBC}") = "TurboBoard.SqlServer.Tests", "tests\TurboBoard.SqlServer.Tests\TurboBoard.SqlServer.Tests.csproj", "{BFE9E901-C3E7-4701-BB1F-D3E6ADB605DA}"
EndProject
Project("{FAE04EC0-301F-11D3-BF4B-00C04F79EFBC}") = "TurboBoard.Web.Tests", "tests\TurboBoard.Web.Tests\TurboBoard.Web.Tests.csproj", "{68DCDCE3-4144-4654-90C8-DC191475EE22}"
EndProject
Global
	GlobalSection(SolutionConfigurationPlatforms) = preSolution
		Debug|Any CPU = Debug|Any CPU
		Debug|x64 = Debug|x64
		Debug|x86 = Debug|x86
		Release|Any CPU = Release|Any CPU
		Release|x64 = Release|x64
		Release|x86 = Release|x86
	EndGlobalSection
	GlobalSection(ProjectConfigurationPlatforms) = postSolution
		{159563B9-D8AF-4EFA-9DB5-219BB5444DEB}.Debug|Any CPU.ActiveCfg = Debug|Any CPU
		{159563B9-D8AF-4EFA-9DB5-219BB5444DEB}.Debug|Any CPU.Build.0 = Debug|Any CPU
		{159563B9-D8AF-4EFA-9DB5-219BB5444DEB}.Debug|x64.ActiveCfg = Debug|Any CPU
		{159563B9-D8AF-4EFA-9DB5-219BB5444DEB}.Debug|x64.Build.0 = Debug|Any CPU
		{159563B9-D8AF-4EFA-9DB5-219BB5444DEB}.Debug|x86.ActiveCfg = Debug|Any CPU
		{159563B9-D8AF-4EFA-9DB5-219BB5444DEB}.Debug|x86.Build.0 = Debug|Any CPU
		{159563B9-D8AF-4EFA-9DB5-219BB5444DEB}.Release|Any CPU.ActiveCfg = Release|Any CPU
		{159563B9-D8AF-4EFA-9DB5-219BB5444DEB}.Release|Any CPU.Build.0 = Release|Any CPU
		{159563B9-D8AF-4EFA-9DB5-219BB5444DEB}.Release|x64.ActiveCfg = Release|Any CPU
		{159563B9-D8AF-4EFA-9DB5-219BB5444DEB}.Release|x64.Build.0 = Release|Any CPU
		{159563B9-D8AF-4EFA-9DB5-219BB5444DEB}.Release|x86.ActiveCfg = Release|Any CPU
		{159563B9-D8AF-4EFA-9DB5-219BB5444DEB}.Release|x86.Build.0 = Release|Any CPU
		{B6ED31BD-9ECD-4D1A-867D-8E0013BD34F2}.Debug|Any CPU.ActiveCfg = Debug|Any CPU
		{B6ED31BD-9ECD-4D1A-867D-8E0013BD34F2}.Debug|Any CPU.Build.0 = Debug|Any CPU
		{B6ED31BD-9ECD-4D1A-867D-8E0013BD34F2}.Debug|x64.ActiveCfg = Debug|Any CPU
		{B6ED31BD-9ECD-4D1A-867D-8E0013BD34F2}.Debug|x64.Build.0 = Debug|Any CPU
		{B6ED31BD-9ECD-4D1A-867D-8E0013BD34F2}.Debug|x86.ActiveCfg = Debug|Any CPU
		{B6ED31BD-9ECD-4D1A-867D-8E0013BD34F2}.Debug|x86.Build.0 = Debug|Any CPU
		{B6ED31BD-9ECD-4D1A-867D-8E0013BD34F2}.Release|Any CPU.ActiveCfg = Release|Any CPU
		{B6ED31BD-9ECD-4D1A-867D-8E0013BD34F2}.Release|Any CPU.Build.0 = Release|Any CPU
		{B6ED31BD-9ECD-4D1A-867D-8E0013BD34F2}.Release|x64.ActiveCfg = Release|Any CPU
		{B6ED31BD-9ECD-4D1A-867D-8E0013BD34F2}.Release|x64.Build.0 = Release|Any CPU
		{B6ED31BD-9ECD-4D1A-867D-8E0013BD34F2}.Release|x86.ActiveCfg = Release|Any CPU
		{B6ED31BD-9ECD-4D1A-867D-8E0013BD34F2}.Release|x86.Build.0 = Release|Any CPU
		{92A90733-6641-448E-96EA-CC3986B846C5}.Debug|Any CPU.ActiveCfg = Debug|Any CPU
		{92A90733-6641-448E-96EA-CC3986B846C5}.Debug|Any CPU.Build.0 = Debug|Any CPU
		{92A90733-6641-448E-96EA-CC3986B846C5}.Debug|x64.ActiveCfg = Debug|Any CPU
		{92A90733-6641-448E-96EA-CC3986B846C5}.Debug|x64.Build.0 = Debug|Any CPU
		{92A90733-6641-448E-96EA-CC3986B846C5}.Debug|x86.ActiveCfg = Debug|Any CPU
		{92A90733-6641-448E-96EA-CC3986B846C5}.Debug|x86.Build.0 = Debug|Any CPU
		{92A90733-6641-448E-96EA-CC3986B846C5}.Release|Any CPU.ActiveCfg = Release|Any CPU
		{92A90733-6641-448E-96EA-CC3986B846C5}.Release|Any CPU.Build.0 = Release|Any CPU
		{92A90733-6641-448E-96EA-CC3986B846C5}.Release|x64.ActiveCfg = Release|Any CPU
		{92A90733-6641-448E-96EA-CC3986B846C5}.Release|x64.Build.0 = Release|Any CPU
		{92A90733-6641-448E-96EA-CC3986B846C5}.Release|x86.ActiveCfg = Release|Any CPU
		{92A90733-6641-448E-96EA-CC3986B846C5}.Release|x86.Build.0 = Release|Any CPU
		{913B03AB-E118-4308-9F39-63F8F0428B24}.Debug|Any CPU.ActiveCfg = Debug|Any CPU
		{913B03AB-E118-4308-9F39-63F8F0428B24}.Debug|Any CPU.Build.0 = Debug|Any CPU
		{913B03AB-E118-4308-9F39-63F8F0428B24}.Debug|x64.ActiveCfg = Debug|Any CPU
		{913B03AB-E118-4308-9F39-63F8F0428B24}.Debug|x64.Build.0 = Debug|Any CPU
		{913B03AB-E118-4308-9F39-63F8F0428B24}.Debug|x86.ActiveCfg = Debug|Any CPU
		{913B03AB-E118-4308-9F39-63F8F0428B24}.Debug|x86.Build.0 = Debug|Any CPU
		{913B03AB-E118-4308-9F39-63F8F0428B24}.Release|Any CPU.ActiveCfg = Release|Any CPU
		{913B03AB-E118-4308-9F39-63F8F0428B24}.Release|Any CPU.Build.0 = Release|Any CPU
		{913B03AB-E118-4308-9F39-63F8F0428B24}.Release|x64.ActiveCfg = Release|Any CPU
		{913B03AB-E118-4308-9F39-63F8F0428B24}.Release|x64.Build.0 = Release|Any CPU
		{913B03AB-E118-4308-9F39-63F8F0428B24}.Release|x86.ActiveCfg = Release|Any CPU
		{913B03AB-E118-4308-9F39-63F8F0428B24}.Release|x86.Build.0 = Release|Any CPU
		{80C90486-4BBC-40CC-8E91-B39E08638669}.Debug|Any CPU.ActiveCfg = Debug|Any CPU
		{80C90486-4BBC-40CC-8E91-B39E08638669}.Debug|Any CPU.Build.0 = Debug|Any CPU
		{80C90486-4BBC-40CC-8E91-B39E08638669}.Debug|x64.ActiveCfg = Debug|Any CPU
		{80C90486-4BBC-40CC-8E91-B39E08638669}.Debug|x64.Build.0 = Debug|Any CPU
		{80C90486-4BBC-40CC-8E91-B39E08638669}.Debug|x86.ActiveCfg = Debug|Any CPU
		{80C90486-4BBC-40CC-8E91-B39E08638669}.Debug|x86.Build.0 = Debug|Any CPU
		{80C90486-4BBC-40CC-8E91-B39E08638669}.Release|Any CPU.ActiveCfg = Release|Any CPU
		{80C90486-4BBC-40CC-8E91-B39E08638669}.Release|Any CPU.Build.0 = Release|Any CPU
		{80C90486-4BBC-40CC-8E91-B39E08638669}.Release|x64.ActiveCfg = Release|Any CPU
		{80C90486-4BBC-40CC-8E91-B39E08638669}.Release|x64.Build.0 = Release|Any CPU
		{80C90486-4BBC-40CC-8E91-B39E08638669}.Release|x86.ActiveCfg = Release|Any CPU
		{80C90486-4BBC-40CC-8E91-B39E08638669}.Release|x86.Build.0 = Release|Any CPU
		{BFE9E901-C3E7-4701-BB1F-D3E6ADB605DA}.Debug|Any CPU.ActiveCfg = Debug|Any CPU
		{BFE9E901-C3E7-4701-BB1F-D3E6ADB605DA}.Debug|Any CPU.Build.0 = Debug|Any CPU
		{BFE9E901-C3E7-4701-BB1F-D3E6ADB605DA}.Debug|x64.ActiveCfg = Debug|Any CPU
		{BFE9E901-C3E7-4701-BB1F-D3E6ADB605DA}.Debug|x64.Build.0 = Debug|Any CPU
		{BFE9E901-C3E7-4701-BB1F-D3E6ADB605DA}.Debug|x86.ActiveCfg = Debug|Any CPU
		{BFE9E901-C3E7-4701-BB1F-D3E6ADB605DA}.Debug|x86.Build.0 = Debug|Any CPU
		{BFE9E901-C3E7-4701-BB1F-D3E6ADB605DA}.Release|Any CPU.ActiveCfg = Release|Any CPU
		{BFE9E901-C3E7-4701-BB1F-D3E6ADB605DA}.Release|Any CPU.Build.0 = Release|Any CPU
		{BFE9E901-C3E7-4701-BB1F-D3E6ADB605DA}.Release|x64.ActiveCfg = Release|Any CPU
		{BFE9E901-C3E7-4701-BB1F-D3E6ADB605DA}.Release|x64.Build.0 = Release|Any CPU
		{BFE9E901-C3E7-4701-BB1F-D3E6ADB605DA}.Release|x86.ActiveCfg = Release|Any CPU
		{BFE9E901-C3E7-4701-BB1F-D3E6ADB605DA}.Release|x86.Build.0 = Release|Any CPU
		{68DCDCE3-4144-4654-90C8-DC191475EE22}.Debug|Any CPU.ActiveCfg = Debug|Any CPU
		{68DCDCE3-4144-4654-90C8-DC191475EE22}.Debug|Any CPU.Build.0 = Debug|Any CPU
		{68DCDCE3-4144-4654-90C8-DC191475EE22}.Debug|x64.ActiveCfg = Debug|Any CPU
		{68DCDCE3-4144-4654-90C8-DC191475EE22}.Debug|x64.Build.0 = Debug|Any CPU
		{68DCDCE3-4144-4654-90C8-DC191475EE22}.Debug|x86.ActiveCfg = Debug|Any CPU
		{68DCDCE3-4144-4654-90C8-DC191475EE22}.Debug|x86.Build.0 = Debug|Any CPU
		{68DCDCE3-4144-4654-90C8-DC191475EE22}.Release|Any CPU.ActiveCfg = Release|Any CPU
		{68DCDCE3-4144-4654-90C8-DC191475EE22}.Release|Any CPU.Build.0 = Release|Any CPU
		{68DCDCE3-4144-4654-90C8-DC191475EE22}.Release|x64.ActiveCfg = Release|Any CPU
		{68DCDCE3-4144-4654-90C8-DC191475EE22}.Release|x64.Build.0 = Release|Any CPU
		{68DCDCE3-4144-4654-90C8-DC191475EE22}.Release|x86.ActiveCfg = Release|Any CPU
		{68DCDCE3-4144-4654-90C8-DC191475EE22}.Release|x86.Build.0 = Release|Any CPU
	EndGlobalSection
	GlobalSection(SolutionProperties) = preSolution
		HideSolutionNode = FALSE
	EndGlobalSection
	GlobalSection(NestedProjects) = preSolution
		{159563B9-D8AF-4EFA-9DB5-219BB5444DEB} = {827E0CD3-B72D-47B6-A68D-7590B98EB39B}
		{B6ED31BD-9ECD-4D1A-867D-8E0013BD34F2} = {827E0CD3-B72D-47B6-A68D-7590B98EB39B}
		{92A90733-6641-448E-96EA-CC3986B846C5} = {827E0CD3-B72D-47B6-A68D-7590B98EB39B}
		{913B03AB-E118-4308-9F39-63F8F0428B24} = {827E0CD3-B72D-47B6-A68D-7590B98EB39B}
		{80C90486-4BBC-40CC-8E91-B39E08638669} = {0AB3BF05-4346-4AA6-1389-037BE0695223}
		{BFE9E901-C3E7-4701-BB1F-D3E6ADB605DA} = {0AB3BF05-4346-4AA6-1389-037BE0695223}
		{68DCDCE3-4144-4654-90C8-DC191475EE22} = {0AB3BF05-4346-4AA6-1389-037BE0695223}
	EndGlobalSection
EndGlobal
